{
    "name": "heaps-website",
    "version": "0.1.0",
    "lockfileVersion": 1,
    "requires": true,
    "dependencies": {
        "amdefine": {
            "version": "1.0.1",
            "resolved": "https://registry.npmjs.org/amdefine/-/amdefine-1.0.1.tgz",
            "integrity": "sha1-SlKCrBZHKek2Gbz9OtFR+BfOkfU=",
            "dev": true
        },
        "asap": {
            "version": "2.0.6",
            "resolved": "https://registry.npmjs.org/asap/-/asap-2.0.6.tgz",
            "integrity": "sha1-5QNHYR1+aQlDIIu9r+vLwvuGbUY=",
            "dev": true,
            "optional": true
        },
        "clean-css": {
            "version": "3.4.28",
            "resolved": "https://registry.npmjs.org/clean-css/-/clean-css-3.4.28.tgz",
            "integrity": "sha1-vxlF6C/ICPVWlebd6uwBQA79A/8=",
            "dev": true,
            "requires": {
                "commander": "2.8.x",
                "source-map": "0.4.x"
            },
            "dependencies": {
                "source-map": {
                    "version": "0.4.4",
                    "resolved": "https://registry.npmjs.org/source-map/-/source-map-0.4.4.tgz",
                    "integrity": "sha1-66T12pwNyZneaAMti092FzZSA2s=",
                    "dev": true,
                    "requires": {
                        "amdefine": ">=0.0.4"
                    }
                }
            }
        },
        "commander": {
            "version": "2.8.1",
            "resolved": "https://registry.npmjs.org/commander/-/commander-2.8.1.tgz",
            "integrity": "sha1-Br42f+v9oMMwqh4qBy09yXYkJdQ=",
            "dev": true,
            "requires": {
                "graceful-readlink": ">= 1.0.0"
            }
        },
        "errno": {
            "version": "0.1.7",
            "resolved": "https://registry.npmjs.org/errno/-/errno-0.1.7.tgz",
            "integrity": "sha512-MfrRBDWzIWifgq6tJj60gkAwtLNb6sQPlcFrSOflcP1aFmmruKQ2wRnze/8V6kgyz7H3FF8Npzv78mZ7XLLflg==",
            "dev": true,
            "optional": true,
            "requires": {
                "prr": "~1.0.1"
            }
        },
        "fast-plist": {
            "version": "0.1.2",
            "resolved": "https://registry.npmjs.org/fast-plist/-/fast-plist-0.1.2.tgz",
            "integrity": "sha1-pFr/NFGWAG1AbKbNzQX2kFHvNbg=",
            "dev": true
        },
        "graceful-fs": {
            "version": "4.2.3",
            "resolved": "https://registry.npmjs.org/graceful-fs/-/graceful-fs-4.2.3.tgz",
            "integrity": "sha512-a30VEBm4PEdx1dRB7MFK7BejejvCvBronbLjht+sHuGYj8PHs7M/5Z+rt5lw551vZ7yfTCj4Vuyy3mSJytDWRQ==",
            "dev": true,
            "optional": true
        },
        "graceful-readlink": {
            "version": "1.0.1",
            "resolved": "https://registry.npmjs.org/graceful-readlink/-/graceful-readlink-1.0.1.tgz",
            "integrity": "sha1-TK+tdrxi8C+gObL5Tpo906ORpyU=",
            "dev": true
        },
        "image-size": {
            "version": "0.5.5",
            "resolved": "https://registry.npmjs.org/image-size/-/image-size-0.5.5.tgz",
            "integrity": "sha1-Cd/Uq50g4p6xw+gLiZA3jfnjy5w=",
            "dev": true,
            "optional": true
        },
        "less": {
            "version": "2.7.0",
            "resolved": "https://registry.npmjs.org/less/-/less-2.7.0.tgz",
            "integrity": "sha1-Dr2hBG8cJO/GluUtNTvYwY7wexA=",
            "dev": true,
            "requires": {
                "errno": "^0.1.1",
                "graceful-fs": "^4.1.2",
                "image-size": "~0.5.0",
                "mime": "^1.2.11",
                "mkdirp": "^0.5.0",
                "promise": "^7.1.1",
                "source-map": "^0.5.3"
            }
        },
        "less-plugin-clean-css": {
            "version": "1.5.0",
            "resolved": "https://registry.npmjs.org/less-plugin-clean-css/-/less-plugin-clean-css-1.5.0.tgz",
            "integrity": "sha1-GB9dksGeUY87lsdFf/IWL4XkAoY=",
            "dev": true,
            "requires": {
                "clean-css": "^3.0.1"
            }
        },
        "lix": {
            "version": "15.8.9",
            "resolved": "https://registry.npmjs.org/lix/-/lix-15.8.9.tgz",
            "integrity": "sha512-PeyaVHuq6I5q7Gf6YL74zhK9ASPGncF+L405my+waKcFFhtIF8LzrcNWGhcVuJwOHW1VD32+UiTRKoWbHwvvjg==",
            "dev": true
        },
        "mime": {
            "version": "1.6.0",
            "resolved": "https://registry.npmjs.org/mime/-/mime-1.6.0.tgz",
            "integrity": "sha512-x0Vn8spI+wuJ1O6S7gnbaQg8Pxh4NNHb7KSINmEWKiPE4RKOplvijn+NkmYmmRgP68mc70j2EbeTFRsrswaQeg==",
            "dev": true,
            "optional": true
        },
        "minimist": {
            "version": "1.2.5",
            "resolved": "https://registry.npmjs.org/minimist/-/minimist-1.2.5.tgz",
            "integrity": "sha512-FM9nNUYrRBAELZQT3xeZQ7fmMOBg6nWNmJKTcgsJeaLstP/UODVpGsr5OhXhhXg6f+qtJ8uiZ+PUxkDWcgIXLw==",
            "dev": true,
            "optional": true
        },
        "mkdirp": {
            "version": "0.5.4",
            "resolved": "https://registry.npmjs.org/mkdirp/-/mkdirp-0.5.4.tgz",
            "integrity": "sha512-iG9AK/dJLtJ0XNgTuDbSyNS3zECqDlAhnQW4CsNxBG3LQJBbHmRX1egw39DmtOdCAqY+dKXV+sgPgilNWUKMVw==",
            "dev": true,
            "optional": true,
            "requires": {
                "minimist": "^1.2.5"
            }
        },
        "nan": {
            "version": "2.10.0",
            "resolved": "https://registry.npmjs.org/nan/-/nan-2.10.0.tgz",
            "integrity": "sha512-bAdJv7fBLhWC+/Bls0Oza+mvTaNQtP+1RyhhhvD95pgUJz6XM5IzgmxOkItJ9tkoCiplvAnXI1tNmmUD/eScyA==",
            "dev": true
        },
        "oniguruma": {
            "version": "6.2.1",
            "resolved": "https://registry.npmjs.org/oniguruma/-/oniguruma-6.2.1.tgz",
            "integrity": "sha1-pQ7mlkKEStHSUmhaqxhxcbBuzgQ=",
            "dev": true,
            "requires": {
                "nan": "^2.0.9"
            }
        },
        "promise": {
            "version": "7.3.1",
            "resolved": "https://registry.npmjs.org/promise/-/promise-7.3.1.tgz",
            "integrity": "sha512-nolQXZ/4L+bP/UGlkfaIujX9BKxGwmQ9OT4mOt5yvy8iK1h3wqTEJCijzGANTCCl9nWjY41juyAn2K3Q1hLLTg==",
            "dev": true,
            "optional": true,
            "requires": {
                "asap": "~2.0.3"
            }
        },
        "prr": {
            "version": "1.0.1",
            "resolved": "https://registry.npmjs.org/prr/-/prr-1.0.1.tgz",
            "integrity": "sha1-0/wRS6BplaRexok/SEzrHXj19HY=",
            "dev": true,
            "optional": true
        },
        "source-map": {
            "version": "0.5.7",
            "resolved": "https://registry.npmjs.org/source-map/-/source-map-0.5.7.tgz",
            "integrity": "sha1-igOdLRAh0i0eoUyA2OpGi6LvP8w=",
            "dev": true,
            "optional": true
        },
        "uglify-js": {
            "version": "3.1.5",
            "resolved": "https://registry.npmjs.org/uglify-js/-/uglify-js-3.1.5.tgz",
            "integrity": "sha512-tSqlO7/GZHAVSw6mbtJt2kz0ZcUrKUH7Xg92o52aE+gL0r6cXiASZY4dpHqQ7RVGXmoQuPA2qAkG4TkP59f8XA==",
            "dev": true,
            "requires": {
                "commander": "~2.11.0",
                "source-map": "~0.6.1"
            },
            "dependencies": {
                "commander": {
                    "version": "2.11.0",
                    "resolved": "https://registry.npmjs.org/commander/-/commander-2.11.0.tgz",
                    "integrity": "sha512-b0553uYA5YAEGgyYIGYROzKQ7X5RAqedkfjiZxwi0kL1g3bOaBNNZfYkzt/CL0umgD5wc9Jec2FbB98CjkMRvQ==",
                    "dev": true
                },
                "source-map": {
                    "version": "0.6.1",
                    "resolved": "https://registry.npmjs.org/source-map/-/source-map-0.6.1.tgz",
                    "integrity": "sha512-UjgapumWlbMhkBgzT7Ykc5YXUT46F0iKu8SGXq0bcwP5dz/h0Plj6enJqjz1Zbq2l5WaqYnrVbwWOWMyF3F47g==",
                    "dev": true
                }
            }
        },
        "vscode-textmate": {
            "version": "3.1.5",
            "resolved": "https://registry.npmjs.org/vscode-textmate/-/vscode-textmate-3.1.5.tgz",
            "integrity": "sha1-G4mfwBPzOygr8asFFXwbWRD1vus=",
            "dev": true,
            "requires": {
                "fast-plist": "^0.1.2",
                "oniguruma": "^6.0.1"
            }
        }
    }
}
