{
    "name": "heaps-website",
    "version": "0.1.0",
    "lockfileVersion": 2,
    "requires": true,
    "packages": {
        "": {
            "name": "heaps-website",
            "version": "0.1.0",
            "devDependencies": {
                "vscode-oniguruma": "^2.0.1",
                "vscode-textmate": "^9.1.0"
            }
        },
        "node_modules/vscode-oniguruma": {
            "version": "2.0.1",
            "resolved": "https://registry.npmjs.org/vscode-oniguruma/-/vscode-oniguruma-2.0.1.tgz",
            "integrity": "sha512-poJU8iHIWnC3vgphJnrLZyI3YdqRlR27xzqDmpPXYzA93R4Gk8z7T6oqDzDoHjoikA2aS82crdXFkjELCdJsjQ==",
            "dev": true
        },
        "node_modules/vscode-textmate": {
            "version": "9.1.0",
            "resolved": "https://registry.npmjs.org/vscode-textmate/-/vscode-textmate-9.1.0.tgz",
            "integrity": "sha512-lxKSVp2DkFOx9RDAvpiYUrB9/KT1fAfi1aE8CBGstP8N7rLF+Seifj8kDA198X0mYj1CjQUC+81+nQf8CO0nVA==",
            "dev": true
        }
    },
    "dependencies": {
        "vscode-oniguruma": {
            "version": "2.0.1",
            "resolved": "https://registry.npmjs.org/vscode-oniguruma/-/vscode-oniguruma-2.0.1.tgz",
            "integrity": "sha512-poJU8iHIWnC3vgphJnrLZyI3YdqRlR27xzqDmpPXYzA93R4Gk8z7T6oqDzDoHjoikA2aS82crdXFkjELCdJsjQ==",
            "dev": true
        },
        "vscode-textmate": {
            "version": "9.1.0",
            "resolved": "https://registry.npmjs.org/vscode-textmate/-/vscode-textmate-9.1.0.tgz",
            "integrity": "sha512-lxKSVp2DkFOx9RDAvpiYUrB9/KT1fAfi1aE8CBGstP8N7rLF+Seifj8kDA198X0mYj1CjQUC+81+nQf8CO0nVA==",
            "dev": true
        }
    }
}
